{
    "name": "guanlecoja-ui",
    "version": "0.8.7",
    "lockfileVersion": 1,
    "requires": true,
    "dependencies": {
        "@uirouter/angularjs": {
            "version": "1.0.15",
            "resolved": "https://registry.npmjs.org/@uirouter/angularjs/-/angularjs-1.0.15.tgz",
            "integrity": "sha512-qV+fz+OV5WRNNCXfeVO7nEcSSNESXOxLC0lXM9sv+IwTW6gyiynZ2wHP7fP2ETbr20sPxtbFC+kMVLzyiw/yIg==",
            "requires": {
                "@uirouter/core": "5.0.17"
            }
        },
        "@uirouter/core": {
            "version": "5.0.17",
            "resolved": "https://registry.npmjs.org/@uirouter/core/-/core-5.0.17.tgz",
            "integrity": "sha512-aJOSpaRbctGw24Mh74sonLwCyskl7KzFz7M0jRDqrd+eHZK6s/xxi4ZSNuGHRy6kF4x7195buQSJEo7u82t+rA=="
        }
    }
}
