# THIS IS AN AUTOGENERATED FILE. DO NOT EDIT THIS FILE DIRECTLY.
# yarn lockfile v1
"@types/node@^6.0.46":
  version "6.0.79"
  resolved "https://registry.yarnpkg.com/@types/node/-/node-6.0.79.tgz#5efe7d4a6d8c453c7e9eaf55d931f4a22fac5169"

"@types/q@^0.0.32":
  version "0.0.32"
  resolved "https://registry.yarnpkg.com/@types/q/-/q-0.0.32.tgz#bd284e57c84f1325da702babfc82a5328190c0c5"

"@types/selenium-webdriver@^2.53.35", "@types/selenium-webdriver@~2.53.39":
  version "2.53.42"
  resolved "https://registry.yarnpkg.com/@types/selenium-webdriver/-/selenium-webdriver-2.53.42.tgz#74cb77fb6052edaff2a8984ddafd88d419f25cac"

adm-zip@^0.4.7:
  version "0.4.7"
  resolved "https://registry.yarnpkg.com/adm-zip/-/adm-zip-0.4.7.tgz#8606c2cbf1c426ce8c8ec00174447fd49b6eafc1"

adm-zip@0.4.4:
  version "0.4.4"
  resolved "https://registry.yarnpkg.com/adm-zip/-/adm-zip-0.4.4.tgz#a61ed5ae6905c3aea58b3a657d25033091052736"

agent-base@2:
  version "2.1.1"
  resolved "https://registry.yarnpkg.com/agent-base/-/agent-base-2.1.1.tgz#d6de10d5af6132d5bd692427d46fc538539094c7"
  dependencies:
    extend "~3.0.0"
    semver "~5.0.1"

ajv@^4.9.1:
  version "4.11.8"
  resolved "https://registry.yarnpkg.com/ajv/-/ajv-4.11.8.tgz#82ffb02b29e662ae53bdc20af15947706739c536"
  dependencies:
    co "^4.6.0"
    json-stable-stringify "^1.0.1"

ansi-regex@^2.0.0:
  version "2.1.1"
  resolved "https://registry.yarnpkg.com/ansi-regex/-/ansi-regex-2.1.1.tgz#c3b33ab5ee360d86e0e628f0468ae7ef27d654df"

ansi-styles@^2.2.1:
  version "2.2.1"
  resolved "https://registry.yarnpkg.com/ansi-styles/-/ansi-styles-2.2.1.tgz#b432dd3358b634cf75e1e4664368240533c1ddbe"

array-union@^1.0.1:
  version "1.0.2"
  resolved "https://registry.yarnpkg.com/array-union/-/array-union-1.0.2.tgz#9a34410e4f4e3da23dea375be5be70f24778ec39"
  dependencies:
    array-uniq "^1.0.1"

array-uniq@^1.0.1:
  version "1.0.3"
  resolved "https://registry.yarnpkg.com/array-uniq/-/array-uniq-1.0.3.tgz#af6ac877a25cc7f74e058894753858dfdb24fdb6"

arrify@^1.0.0:
  version "1.0.1"
  resolved "https://registry.yarnpkg.com/arrify/-/arrify-1.0.1.tgz#898508da2226f380df904728456849c1501a4b0d"

asn1@~0.2.3:
  version "0.2.3"
  resolved "https://registry.yarnpkg.com/asn1/-/asn1-0.2.3.tgz#dac8787713c9966849fc8180777ebe9c1ddf3b86"

assert-plus@^0.2.0:
  version "0.2.0"
  resolved "https://registry.yarnpkg.com/assert-plus/-/assert-plus-0.2.0.tgz#d74e1b87e7affc0db8aadb7021f3fe48101ab234"

assert-plus@^1.0.0, assert-plus@1.0.0:
  version "1.0.0"
  resolved "https://registry.yarnpkg.com/assert-plus/-/assert-plus-1.0.0.tgz#f12e0f3c5d77b0b1cdd9146942e4e96c1e4dd525"

asynckit@^0.4.0:
  version "0.4.0"
  resolved "https://registry.yarnpkg.com/asynckit/-/asynckit-0.4.0.tgz#c79ed97f7f34cb8f2ba1bc9790bcc366474b4b79"

aws-sign2@~0.6.0:
  version "0.6.0"
  resolved "https://registry.yarnpkg.com/aws-sign2/-/aws-sign2-0.6.0.tgz#14342dd38dbcc94d0e5b87d763cd63612c0e794f"

aws4@^1.2.1:
  version "1.6.0"
  resolved "https://registry.yarnpkg.com/aws4/-/aws4-1.6.0.tgz#83ef5ca860b2b32e4a0deedee8c771b9db57471e"

balanced-match@^1.0.0:
  version "1.0.0"
  resolved "https://registry.yarnpkg.com/balanced-match/-/balanced-match-1.0.0.tgz#89b4d199ab2bee49de164ea02b89ce462d71b767"

bcrypt-pbkdf@^1.0.0:
  version "1.0.1"
  resolved "https://registry.yarnpkg.com/bcrypt-pbkdf/-/bcrypt-pbkdf-1.0.1.tgz#63bc5dcb61331b92bc05fd528953c33462a06f8d"
  dependencies:
    tweetnacl "^0.14.3"

blocking-proxy@0.0.5:
  version "0.0.5"
  resolved "https://registry.yarnpkg.com/blocking-proxy/-/blocking-proxy-0.0.5.tgz#462905e0dcfbea970f41aa37223dda9c07b1912b"
  dependencies:
    minimist "^1.2.0"

boom@2.x.x:
  version "2.10.1"
  resolved "https://registry.yarnpkg.com/boom/-/boom-2.10.1.tgz#39c8918ceff5799f83f9492a848f625add0c766f"
  dependencies:
    hoek "2.x.x"

brace-expansion@^1.1.7:
  version "1.1.8"
  resolved "https://registry.yarnpkg.com/brace-expansion/-/brace-expansion-1.1.8.tgz#c07b211c7c952ec1f8efd51a77ef0d1d3990a292"
  dependencies:
    balanced-match "^1.0.0"
    concat-map "0.0.1"

caseless@~0.12.0:
  version "0.12.0"
  resolved "https://registry.yarnpkg.com/caseless/-/caseless-0.12.0.tgz#1b681c21ff84033c826543090689420d187151dc"

chalk@^1.1.1, chalk@^1.1.3:
  version "1.1.3"
  resolved "https://registry.yarnpkg.com/chalk/-/chalk-1.1.3.tgz#a8115c55e4a702fe4d150abd3872822a7e09fc98"
  dependencies:
    ansi-styles "^2.2.1"
    escape-string-regexp "^1.0.2"
    has-ansi "^2.0.0"
    strip-ansi "^3.0.0"
    supports-color "^2.0.0"

co@^4.6.0:
  version "4.6.0"
  resolved "https://registry.yarnpkg.com/co/-/co-4.6.0.tgz#6ea6bdf3d853ae54ccb8e47bfa0bf3f9031fb184"

coffee-script@^1.11.1:
  version "1.12.6"
  resolved "https://registry.yarnpkg.com/coffee-script/-/coffee-script-1.12.6.tgz#285a3f7115689065064d6bf9ef4572db66695cbf"

combined-stream@^1.0.5, combined-stream@~1.0.5:
  version "1.0.5"
  resolved "https://registry.yarnpkg.com/combined-stream/-/combined-stream-1.0.5.tgz#938370a57b4a51dea2c77c15d5c5fdf895164009"
  dependencies:
    delayed-stream "~1.0.0"

concat-map@0.0.1:
  version "0.0.1"
  resolved "https://registry.yarnpkg.com/concat-map/-/concat-map-0.0.1.tgz#d8a96bd77fd68df7793a73036a3ba0d5405d477b"

cryptiles@2.x.x:
  version "2.0.5"
  resolved "https://registry.yarnpkg.com/cryptiles/-/cryptiles-2.0.5.tgz#3bdfecdc608147c1c67202fa291e7dca59eaa3b8"
  dependencies:
    boom "2.x.x"

dashdash@^1.12.0:
  version "1.14.1"
  resolved "https://registry.yarnpkg.com/dashdash/-/dashdash-1.14.1.tgz#853cfa0f7cbe2fed5de20326b8dd581035f6e2f0"
  dependencies:
    assert-plus "^1.0.0"

debug@2:
  version "2.6.8"
  resolved "https://registry.yarnpkg.com/debug/-/debug-2.6.8.tgz#e731531ca2ede27d188222427da17821d68ff4fc"
  dependencies:
    ms "2.0.0"

del@^2.2.0:
  version "2.2.2"
  resolved "https://registry.yarnpkg.com/del/-/del-2.2.2.tgz#c12c981d067846c84bcaf862cff930d907ffd1a8"
  dependencies:
    globby "^5.0.0"
    is-path-cwd "^1.0.0"
    is-path-in-cwd "^1.0.0"
    object-assign "^4.0.1"
    pify "^2.0.0"
    pinkie-promise "^2.0.0"
    rimraf "^2.2.8"

delayed-stream@~1.0.0:
  version "1.0.0"
  resolved "https://registry.yarnpkg.com/delayed-stream/-/delayed-stream-1.0.0.tgz#df3ae199acadfb7d440aaae0b29e2272b24ec619"

ecc-jsbn@~0.1.1:
  version "0.1.1"
  resolved "https://registry.yarnpkg.com/ecc-jsbn/-/ecc-jsbn-0.1.1.tgz#0fc73a9ed5f0d53c38193398523ef7e543777505"
  dependencies:
    jsbn "~0.1.0"

escape-string-regexp@^1.0.2:
  version "1.0.5"
  resolved "https://registry.yarnpkg.com/escape-string-regexp/-/escape-string-regexp-1.0.5.tgz#1b61c0562190a8dff6ae3bb2cf0200ca130b86d4"

exit@^0.1.2:
  version "0.1.2"
  resolved "https://registry.yarnpkg.com/exit/-/exit-0.1.2.tgz#0632638f8d877cc82107d30a0fff1a17cba1cd0c"

extend@~3.0.0, extend@3:
  version "3.0.1"
  resolved "https://registry.yarnpkg.com/extend/-/extend-3.0.1.tgz#a755ea7bc1adfcc5a31ce7e762dbaadc5e636444"

extsprintf@1.0.2:
  version "1.0.2"
  resolved "https://registry.yarnpkg.com/extsprintf/-/extsprintf-1.0.2.tgz#e1080e0658e300b06294990cc70e1502235fd550"

forever-agent@~0.6.1:
  version "0.6.1"
  resolved "https://registry.yarnpkg.com/forever-agent/-/forever-agent-0.6.1.tgz#fbc71f0c41adeb37f96c577ad1ed42d8fdacca91"

form-data@~2.1.1:
  version "2.1.4"
  resolved "https://registry.yarnpkg.com/form-data/-/form-data-2.1.4.tgz#33c183acf193276ecaa98143a69e94bfee1750d1"
  dependencies:
    asynckit "^0.4.0"
    combined-stream "^1.0.5"
    mime-types "^2.1.12"

fs.realpath@^1.0.0:
  version "1.0.0"
  resolved "https://registry.yarnpkg.com/fs.realpath/-/fs.realpath-1.0.0.tgz#1504ad2523158caa40db4a2787cb01411994ea4f"

getpass@^0.1.1:
  version "0.1.7"
  resolved "https://registry.yarnpkg.com/getpass/-/getpass-0.1.7.tgz#5eff8e3e684d569ae4cb2b1282604e8ba62149fa"
  dependencies:
    assert-plus "^1.0.0"

glob@^7.0.3, glob@^7.0.5, glob@^7.0.6:
  version "7.1.2"
  resolved "https://registry.yarnpkg.com/glob/-/glob-7.1.2.tgz#c19c9df9a028702d678612384a6552404c636d15"
  dependencies:
    fs.realpath "^1.0.0"
    inflight "^1.0.4"
    inherits "2"
    minimatch "^3.0.4"
    once "^1.3.0"
    path-is-absolute "^1.0.0"

globby@^5.0.0:
  version "5.0.0"
  resolved "https://registry.yarnpkg.com/globby/-/globby-5.0.0.tgz#ebd84667ca0dbb330b99bcfc68eac2bc54370e0d"
  dependencies:
    array-union "^1.0.1"
    arrify "^1.0.0"
    glob "^7.0.3"
    object-assign "^4.0.1"
    pify "^2.0.0"
    pinkie-promise "^2.0.0"

har-schema@^1.0.5:
  version "1.0.5"
  resolved "https://registry.yarnpkg.com/har-schema/-/har-schema-1.0.5.tgz#d263135f43307c02c602afc8fe95970c0151369e"

har-validator@~4.2.1:
  version "4.2.1"
  resolved "https://registry.yarnpkg.com/har-validator/-/har-validator-4.2.1.tgz#33481d0f1bbff600dd203d75812a6a5fba002e2a"
  dependencies:
    ajv "^4.9.1"
    har-schema "^1.0.5"

has-ansi@^2.0.0:
  version "2.0.0"
  resolved "https://registry.yarnpkg.com/has-ansi/-/has-ansi-2.0.0.tgz#34f5049ce1ecdf2b0649af3ef24e45ed35416d91"
  dependencies:
    ansi-regex "^2.0.0"

hawk@~3.1.3:
  version "3.1.3"
  resolved "https://registry.yarnpkg.com/hawk/-/hawk-3.1.3.tgz#078444bd7c1640b0fe540d2c9b73d59678e8e1c4"
  dependencies:
    boom "2.x.x"
    cryptiles "2.x.x"
    hoek "2.x.x"
    sntp "1.x.x"

hoek@2.x.x:
  version "2.16.3"
  resolved "https://registry.yarnpkg.com/hoek/-/hoek-2.16.3.tgz#20bb7403d3cea398e91dc4710a8ff1b8274a25ed"

http-signature@~1.1.0:
  version "1.1.1"
  resolved "https://registry.yarnpkg.com/http-signature/-/http-signature-1.1.1.tgz#df72e267066cd0ac67fb76adf8e134a8fbcf91bf"
  dependencies:
    assert-plus "^0.2.0"
    jsprim "^1.2.2"
    sshpk "^1.7.0"

https-proxy-agent@^1.0.0:
  version "1.0.0"
  resolved "https://registry.yarnpkg.com/https-proxy-agent/-/https-proxy-agent-1.0.0.tgz#35f7da6c48ce4ddbfa264891ac593ee5ff8671e6"
  dependencies:
    agent-base "2"
    debug "2"
    extend "3"

inflight@^1.0.4:
  version "1.0.6"
  resolved "https://registry.yarnpkg.com/inflight/-/inflight-1.0.6.tgz#49bd6331d7d02d0c09bc910a1075ba8165b56df9"
  dependencies:
    once "^1.3.0"
    wrappy "1"

inherits@2:
  version "2.0.3"
  resolved "https://registry.yarnpkg.com/inherits/-/inherits-2.0.3.tgz#633c2c83e3da42a502f52466022480f4208261de"

ini@^1.3.4:
  version "1.3.4"
  resolved "https://registry.yarnpkg.com/ini/-/ini-1.3.4.tgz#0537cb79daf59b59a1a517dff706c86ec039162e"

is-path-cwd@^1.0.0:
  version "1.0.0"
  resolved "https://registry.yarnpkg.com/is-path-cwd/-/is-path-cwd-1.0.0.tgz#d225ec23132e89edd38fda767472e62e65f1106d"

is-path-in-cwd@^1.0.0:
  version "1.0.0"
  resolved "https://registry.yarnpkg.com/is-path-in-cwd/-/is-path-in-cwd-1.0.0.tgz#6477582b8214d602346094567003be8a9eac04dc"
  dependencies:
    is-path-inside "^1.0.0"

is-path-inside@^1.0.0:
  version "1.0.0"
  resolved "https://registry.yarnpkg.com/is-path-inside/-/is-path-inside-1.0.0.tgz#fc06e5a1683fbda13de667aff717bbc10a48f37f"
  dependencies:
    path-is-inside "^1.0.1"

is-typedarray@~1.0.0:
  version "1.0.0"
  resolved "https://registry.yarnpkg.com/is-typedarray/-/is-typedarray-1.0.0.tgz#e479c80858df0c1b11ddda6940f96011fcda4a9a"

isstream@~0.1.2:
  version "0.1.2"
  resolved "https://registry.yarnpkg.com/isstream/-/isstream-0.1.2.tgz#47e63f7af55afa6f92e1500e690eb8b8529c099a"

jasmine-core@~2.6.0:
  version "2.6.4"
  resolved "https://registry.yarnpkg.com/jasmine-core/-/jasmine-core-2.6.4.tgz#dec926cd0a9fa287fb6db5c755fa487e74cecac5"

jasmine@^2.5.3:
  version "2.6.0"
  resolved "https://registry.yarnpkg.com/jasmine/-/jasmine-2.6.0.tgz#6b22e70883e8e589d456346153b4d206ddbe217f"
  dependencies:
    exit "^0.1.2"
    glob "^7.0.6"
    jasmine-core "~2.6.0"

jasminewd2@^2.1.0:
  version "2.1.0"
  resolved "https://registry.yarnpkg.com/jasminewd2/-/jasminewd2-2.1.0.tgz#da595275d1ae631de736ac0a7c7d85c9f73ef652"

jsbn@~0.1.0:
  version "0.1.1"
  resolved "https://registry.yarnpkg.com/jsbn/-/jsbn-0.1.1.tgz#a5e654c2e5a2deb5f201d96cefbca80c0ef2f513"

json-schema@0.2.3:
  version "0.2.3"
  resolved "https://registry.yarnpkg.com/json-schema/-/json-schema-0.2.3.tgz#b480c892e59a2f05954ce727bd3f2a4e882f9e13"

json-stable-stringify@^1.0.1:
  version "1.0.1"
  resolved "https://registry.yarnpkg.com/json-stable-stringify/-/json-stable-stringify-1.0.1.tgz#9a759d39c5f2ff503fd5300646ed445f88c4f9af"
  dependencies:
    jsonify "~0.0.0"

json-stringify-safe@~5.0.1:
  version "5.0.1"
  resolved "https://registry.yarnpkg.com/json-stringify-safe/-/json-stringify-safe-5.0.1.tgz#1296a2d58fd45f19a0f6ce01d65701e2c735b6eb"

jsonify@~0.0.0:
  version "0.0.0"
  resolved "https://registry.yarnpkg.com/jsonify/-/jsonify-0.0.0.tgz#2c74b6ee41d93ca51b7b5aaee8f503631d252a73"

jsprim@^1.2.2:
  version "1.4.0"
  resolved "https://registry.yarnpkg.com/jsprim/-/jsprim-1.4.0.tgz#a3b87e40298d8c380552d8cc7628a0bb95a22918"
  dependencies:
    assert-plus "1.0.0"
    extsprintf "1.0.2"
    json-schema "0.2.3"
    verror "1.3.6"

lodash@^4.0.0:
  version "4.17.4"
  resolved "https://registry.yarnpkg.com/lodash/-/lodash-4.17.4.tgz#78203a4d1c328ae1d86dca6460e369b57f4055ae"

mime-db@~1.27.0:
  version "1.27.0"
  resolved "https://registry.yarnpkg.com/mime-db/-/mime-db-1.27.0.tgz#820f572296bbd20ec25ed55e5b5de869e5436eb1"

mime-types@^2.1.12, mime-types@~2.1.7:
  version "2.1.15"
  resolved "https://registry.yarnpkg.com/mime-types/-/mime-types-2.1.15.tgz#a4ebf5064094569237b8cf70046776d09fc92aed"
  dependencies:
    mime-db "~1.27.0"

minimatch@^3.0.4:
  version "3.0.4"
  resolved "https://registry.yarnpkg.com/minimatch/-/minimatch-3.0.4.tgz#5166e286457f03306064be5497e8dbb0c3d32083"
  dependencies:
    brace-expansion "^1.1.7"

minimist@^1.2.0:
  version "1.2.0"
  resolved "https://registry.yarnpkg.com/minimist/-/minimist-1.2.0.tgz#a35008b20f41383eec1fb914f4cd5df79a264284"

minimist@~0.0.1:
  version "0.0.10"
  resolved "https://registry.yarnpkg.com/minimist/-/minimist-0.0.10.tgz#de3f98543dbf96082be48ad1a0c7cda836301dcf"

ms@2.0.0:
  version "2.0.0"
  resolved "https://registry.yarnpkg.com/ms/-/ms-2.0.0.tgz#5608aeadfc00be6c2901df5f9861788de0d597c8"

oauth-sign@~0.8.1:
  version "0.8.2"
  resolved "https://registry.yarnpkg.com/oauth-sign/-/oauth-sign-0.8.2.tgz#46a6ab7f0aead8deae9ec0565780b7d4efeb9d43"

object-assign@^4.0.1:
  version "4.1.1"
  resolved "https://registry.yarnpkg.com/object-assign/-/object-assign-4.1.1.tgz#2109adc7965887cfc05cbbd442cac8bfbb360863"

once@^1.3.0:
  version "1.4.0"
  resolved "https://registry.yarnpkg.com/once/-/once-1.4.0.tgz#583b1aa775961d4b113ac17d9c50baef9dd76bd1"
  dependencies:
    wrappy "1"

optimist@~0.6.0:
  version "0.6.1"
  resolved "https://registry.yarnpkg.com/optimist/-/optimist-0.6.1.tgz#da3ea74686fa21a19a111c326e90eb15a0196686"
  dependencies:
    minimist "~0.0.1"
    wordwrap "~0.0.2"

options@>=0.0.5:
  version "0.0.6"
  resolved "https://registry.yarnpkg.com/options/-/options-0.0.6.tgz#ec22d312806bb53e731773e7cdaefcf1c643128f"

os-tmpdir@~1.0.1:
  version "1.0.2"
  resolved "https://registry.yarnpkg.com/os-tmpdir/-/os-tmpdir-1.0.2.tgz#bbe67406c79aa85c5cfec766fe5734555dfa1274"

path-is-absolute@^1.0.0:
  version "1.0.1"
  resolved "https://registry.yarnpkg.com/path-is-absolute/-/path-is-absolute-1.0.1.tgz#174b9268735534ffbc7ace6bf53a5a9e1b5c5f5f"

path-is-inside@^1.0.1:
  version "1.0.2"
  resolved "https://registry.yarnpkg.com/path-is-inside/-/path-is-inside-1.0.2.tgz#365417dede44430d1c11af61027facf074bdfc53"

performance-now@^0.2.0:
  version "0.2.0"
  resolved "https://registry.yarnpkg.com/performance-now/-/performance-now-0.2.0.tgz#33ef30c5c77d4ea21c5a53869d91b56d8f2555e5"

pify@^2.0.0:
  version "2.3.0"
  resolved "https://registry.yarnpkg.com/pify/-/pify-2.3.0.tgz#ed141a6ac043a849ea588498e7dca8b15330e90c"

pinkie-promise@^2.0.0:
  version "2.0.1"
  resolved "https://registry.yarnpkg.com/pinkie-promise/-/pinkie-promise-2.0.1.tgz#2135d6dfa7a358c069ac9b178776288228450ffa"
  dependencies:
    pinkie "^2.0.0"

pinkie@^2.0.0:
  version "2.0.4"
  resolved "https://registry.yarnpkg.com/pinkie/-/pinkie-2.0.4.tgz#72556b80cfa0d48a974e80e77248e80ed4f7f870"

protractor@^5.1.0:
  version "5.1.2"
  resolved "https://registry.yarnpkg.com/protractor/-/protractor-5.1.2.tgz#9b221741709a4c62d5cd53c6aadd54a71137e95f"
  dependencies:
    "@types/node" "^6.0.46"
    "@types/q" "^0.0.32"
    "@types/selenium-webdriver" "~2.53.39"
    blocking-proxy "0.0.5"
    chalk "^1.1.3"
    glob "^7.0.3"
    jasmine "^2.5.3"
    jasminewd2 "^2.1.0"
    optimist "~0.6.0"
    q "1.4.1"
    saucelabs "~1.3.0"
    selenium-webdriver "3.0.1"
    source-map-support "~0.4.0"
    webdriver-js-extender "^1.0.0"
    webdriver-manager "^12.0.6"

punycode@^1.4.1:
  version "1.4.1"
  resolved "https://registry.yarnpkg.com/punycode/-/punycode-1.4.1.tgz#c0d5a63b2718800ad8e1eb0fa5269c84dd41845e"

q@^1.4.1:
  version "1.5.0"
  resolved "https://registry.yarnpkg.com/q/-/q-1.5.0.tgz#dd01bac9d06d30e6f219aecb8253ee9ebdc308f1"

q@1.4.1:
  version "1.4.1"
  resolved "https://registry.yarnpkg.com/q/-/q-1.4.1.tgz#55705bcd93c5f3673530c2c2cbc0c2b3addc286e"

qs@~6.4.0:
  version "6.4.0"
  resolved "https://registry.yarnpkg.com/qs/-/qs-6.4.0.tgz#13e26d28ad6b0ffaa91312cd3bf708ed351e7233"

request@^2.78.0:
  version "2.81.0"
  resolved "https://registry.yarnpkg.com/request/-/request-2.81.0.tgz#c6928946a0e06c5f8d6f8a9333469ffda46298a0"
  dependencies:
    aws-sign2 "~0.6.0"
    aws4 "^1.2.1"
    caseless "~0.12.0"
    combined-stream "~1.0.5"
    extend "~3.0.0"
    forever-agent "~0.6.1"
    form-data "~2.1.1"
    har-validator "~4.2.1"
    hawk "~3.1.3"
    http-signature "~1.1.0"
    is-typedarray "~1.0.0"
    isstream "~0.1.2"
    json-stringify-safe "~5.0.1"
    mime-types "~2.1.7"
    oauth-sign "~0.8.1"
    performance-now "^0.2.0"
    qs "~6.4.0"
    safe-buffer "^5.0.1"
    stringstream "~0.0.4"
    tough-cookie "~2.3.0"
    tunnel-agent "^0.6.0"
    uuid "^3.0.0"

rimraf@^2.2.8, rimraf@^2.5.2, rimraf@^2.5.4:
  version "2.6.1"
  resolved "https://registry.yarnpkg.com/rimraf/-/rimraf-2.6.1.tgz#c2338ec643df7a1b7fe5c54fa86f57428a55f33d"
  dependencies:
    glob "^7.0.5"

safe-buffer@^5.0.1:
  version "5.1.1"
  resolved "https://registry.yarnpkg.com/safe-buffer/-/safe-buffer-5.1.1.tgz#893312af69b2123def71f57889001671eeb2c853"

saucelabs@~1.3.0:
  version "1.3.0"
  resolved "https://registry.yarnpkg.com/saucelabs/-/saucelabs-1.3.0.tgz#d240e8009df7fa87306ec4578a69ba3b5c424fee"
  dependencies:
    https-proxy-agent "^1.0.0"

sax@>=0.6.0:
  version "1.2.4"
  resolved "https://registry.yarnpkg.com/sax/-/sax-1.2.4.tgz#2816234e2378bddc4e5354fab5caa895df7100d9"

sax@0.6.x:
  version "0.6.1"
  resolved "https://registry.yarnpkg.com/sax/-/sax-0.6.1.tgz#563b19c7c1de892e09bfc4f2fc30e3c27f0952b9"

selenium-webdriver@^2.53.2:
  version "2.53.3"
  resolved "https://registry.yarnpkg.com/selenium-webdriver/-/selenium-webdriver-2.53.3.tgz#d29ff5a957dff1a1b49dc457756e4e4bfbdce085"
  dependencies:
    adm-zip "0.4.4"
    rimraf "^2.2.8"
    tmp "0.0.24"
    ws "^1.0.1"
    xml2js "0.4.4"

selenium-webdriver@3.0.1:
  version "3.0.1"
  resolved "https://registry.yarnpkg.com/selenium-webdriver/-/selenium-webdriver-3.0.1.tgz#a2dea5da4a97f6672e89e7ca7276cefa365147a7"
  dependencies:
    adm-zip "^0.4.7"
    rimraf "^2.5.4"
    tmp "0.0.30"
    xml2js "^0.4.17"

semver@^5.3.0:
  version "5.3.0"
  resolved "https://registry.yarnpkg.com/semver/-/semver-5.3.0.tgz#9b2ce5d3de02d17c6012ad326aa6b4d0cf54f94f"

semver@~5.0.1:
  version "5.0.3"
  resolved "https://registry.yarnpkg.com/semver/-/semver-5.0.3.tgz#77466de589cd5d3c95f138aa78bc569a3cb5d27a"

sntp@1.x.x:
  version "1.0.9"
  resolved "https://registry.yarnpkg.com/sntp/-/sntp-1.0.9.tgz#6541184cc90aeea6c6e7b35e2659082443c66198"
  dependencies:
    hoek "2.x.x"

source-map-support@~0.4.0:
  version "0.4.15"
  resolved "https://registry.yarnpkg.com/source-map-support/-/source-map-support-0.4.15.tgz#03202df65c06d2bd8c7ec2362a193056fef8d3b1"
  dependencies:
    source-map "^0.5.6"

source-map@^0.5.6:
  version "0.5.6"
  resolved "https://registry.yarnpkg.com/source-map/-/source-map-0.5.6.tgz#75ce38f52bf0733c5a7f0c118d81334a2bb5f412"

sshpk@^1.7.0:
  version "1.13.1"
  resolved "https://registry.yarnpkg.com/sshpk/-/sshpk-1.13.1.tgz#512df6da6287144316dc4c18fe1cf1d940739be3"
  dependencies:
    asn1 "~0.2.3"
    assert-plus "^1.0.0"
    dashdash "^1.12.0"
    getpass "^0.1.1"
  optionalDependencies:
    bcrypt-pbkdf "^1.0.0"
    ecc-jsbn "~0.1.1"
    jsbn "~0.1.0"
    tweetnacl "~0.14.0"

stringstream@~0.0.4:
  version "0.0.5"
  resolved "https://registry.yarnpkg.com/stringstream/-/stringstream-0.0.5.tgz#4e484cd4de5a0bbbee18e46307710a8a81621878"

strip-ansi@^3.0.0:
  version "3.0.1"
  resolved "https://registry.yarnpkg.com/strip-ansi/-/strip-ansi-3.0.1.tgz#6a385fb8853d952d5ff05d0e8aaf94278dc63dcf"
  dependencies:
    ansi-regex "^2.0.0"

supports-color@^2.0.0:
  version "2.0.0"
  resolved "https://registry.yarnpkg.com/supports-color/-/supports-color-2.0.0.tgz#535d045ce6b6363fa40117084629995e9df324c7"

tmp@0.0.24:
  version "0.0.24"
  resolved "https://registry.yarnpkg.com/tmp/-/tmp-0.0.24.tgz#d6a5e198d14a9835cc6f2d7c3d9e302428c8cf12"

tmp@0.0.30:
  version "0.0.30"
  resolved "https://registry.yarnpkg.com/tmp/-/tmp-0.0.30.tgz#72419d4a8be7d6ce75148fd8b324e593a711c2ed"
  dependencies:
    os-tmpdir "~1.0.1"

tough-cookie@~2.3.0:
  version "2.3.2"
  resolved "https://registry.yarnpkg.com/tough-cookie/-/tough-cookie-2.3.2.tgz#f081f76e4c85720e6c37a5faced737150d84072a"
  dependencies:
    punycode "^1.4.1"

tunnel-agent@^0.6.0:
  version "0.6.0"
  resolved "https://registry.yarnpkg.com/tunnel-agent/-/tunnel-agent-0.6.0.tgz#27a5dea06b36b04a0a9966774b290868f0fc40fd"
  dependencies:
    safe-buffer "^5.0.1"

tweetnacl@^0.14.3, tweetnacl@~0.14.0:
  version "0.14.5"
  resolved "https://registry.yarnpkg.com/tweetnacl/-/tweetnacl-0.14.5.tgz#5ae68177f192d4456269d108afa93ff8743f4f64"

ultron@1.0.x:
  version "1.0.2"
  resolved "https://registry.yarnpkg.com/ultron/-/ultron-1.0.2.tgz#ace116ab557cd197386a4e88f4685378c8b2e4fa"

uuid@^3.0.0:
  version "3.1.0"
  resolved "https://registry.yarnpkg.com/uuid/-/uuid-3.1.0.tgz#3dd3d3e790abc24d7b0d3a034ffababe28ebbc04"

verror@1.3.6:
  version "1.3.6"
  resolved "https://registry.yarnpkg.com/verror/-/verror-1.3.6.tgz#cff5df12946d297d2baaefaa2689e25be01c005c"
  dependencies:
    extsprintf "1.0.2"

webdriver-js-extender@^1.0.0:
  version "1.0.0"
  resolved "https://registry.yarnpkg.com/webdriver-js-extender/-/webdriver-js-extender-1.0.0.tgz#81c533a9e33d5bfb597b4e63e2cdb25b54777515"
  dependencies:
    "@types/selenium-webdriver" "^2.53.35"
    selenium-webdriver "^2.53.2"

webdriver-manager@^12.0.6:
  version "12.0.6"
  resolved "https://registry.yarnpkg.com/webdriver-manager/-/webdriver-manager-12.0.6.tgz#3df1a481977010b4cbf8c9d85c7a577828c0e70b"
  dependencies:
    adm-zip "^0.4.7"
    chalk "^1.1.1"
    del "^2.2.0"
    glob "^7.0.3"
    ini "^1.3.4"
    minimist "^1.2.0"
    q "^1.4.1"
    request "^2.78.0"
    rimraf "^2.5.2"
    semver "^5.3.0"
    xml2js "^0.4.17"

wordwrap@~0.0.2:
  version "0.0.3"
  resolved "https://registry.yarnpkg.com/wordwrap/-/wordwrap-0.0.3.tgz#a3d5da6cd5c0bc0008d37234bbaf1bed63059107"

wrappy@1:
  version "1.0.2"
  resolved "https://registry.yarnpkg.com/wrappy/-/wrappy-1.0.2.tgz#b5243d8f3ec1aa35f1364605bc0d1036e30ab69f"

ws@^1.0.1:
  version "1.1.4"
  resolved "https://registry.yarnpkg.com/ws/-/ws-1.1.4.tgz#57f40d036832e5f5055662a397c4de76ed66bf61"
  dependencies:
    options ">=0.0.5"
    ultron "1.0.x"

xml2js@^0.4.17:
  version "0.4.17"
  resolved "https://registry.yarnpkg.com/xml2js/-/xml2js-0.4.17.tgz#17be93eaae3f3b779359c795b419705a8817e868"
  dependencies:
    sax ">=0.6.0"
    xmlbuilder "^4.1.0"

xml2js@0.4.4:
  version "0.4.4"
  resolved "https://registry.yarnpkg.com/xml2js/-/xml2js-0.4.4.tgz#3111010003008ae19240eba17497b57c729c555d"
  dependencies:
    sax "0.6.x"
    xmlbuilder ">=1.0.0"

xmlbuilder@^4.1.0:
  version "4.2.1"
  resolved "https://registry.yarnpkg.com/xmlbuilder/-/xmlbuilder-4.2.1.tgz#aa58a3041a066f90eaa16c2f5389ff19f3f461a5"
  dependencies:
    lodash "^4.0.0"

xmlbuilder@>=1.0.0:
  version "9.0.1"
  resolved "https://registry.yarnpkg.com/xmlbuilder/-/xmlbuilder-9.0.1.tgz#91cd70897755363eba57c12ddeeab4a341a61f65"

